// !$*UTF8*$!
{
	archiveVersion = 1;
	classes = {
	};
	objectVersion = 50;
	objects = {

/* Begin PBXBuildFile section */
		BE2C12F924252501006514D0 /* HomeViewController.swift in Sources */ = {isa = PBXBuildFile; fileRef = BE2C12F824252501006514D0 /* HomeViewController.swift */; };
		BE2C12FB242525A9006514D0 /* SearchResponse.swift in Sources */ = {isa = PBXBuildFile; fileRef = BE2C12FA242525A9006514D0 /* SearchResponse.swift */; };
		BE63E4A62424C91D000B3CF5 /* MovieTableViewCell.swift in Sources */ = {isa = PBXBuildFile; fileRef = BE63E4A42424C91D000B3CF5 /* MovieTableViewCell.swift */; };
		BE63E4A72424C91D000B3CF5 /* MovieTableViewCell.xib in Resources */ = {isa = PBXBuildFile; fileRef = BE63E4A52424C91D000B3CF5 /* MovieTableViewCell.xib */; };
		BE65DAC524287EBE00317FC1 /* DetailViewControllerTests.swift in Sources */ = {isa = PBXBuildFile; fileRef = BE65DAC424287EBE00317FC1 /* DetailViewControllerTests.swift */; };
		BE65DAC72428C5E400317FC1 /* MockURLProtocol.swift in Sources */ = {isa = PBXBuildFile; fileRef = BE65DAC62428C5E400317FC1 /* MockURLProtocol.swift */; };
		BE65DAC92428D93F00317FC1 /* searchresponse.json in Resources */ = {isa = PBXBuildFile; fileRef = BE65DAC82428D93F00317FC1 /* searchresponse.json */; };
		BE65DACA2428D93F00317FC1 /* searchresponse.json in Resources */ = {isa = PBXBuildFile; fileRef = BE65DAC82428D93F00317FC1 /* searchresponse.json */; };
		BE65DACC2428DFE900317FC1 /* MovieServiceTests.swift in Sources */ = {isa = PBXBuildFile; fileRef = BE65DACB2428DFE900317FC1 /* MovieServiceTests.swift */; };
		BE65DACE2428E96100317FC1 /* searchdetails.json in Resources */ = {isa = PBXBuildFile; fileRef = BE65DACD2428E96100317FC1 /* searchdetails.json */; };
		BE65DACF2428E96100317FC1 /* searchdetails.json in Resources */ = {isa = PBXBuildFile; fileRef = BE65DACD2428E96100317FC1 /* searchdetails.json */; };
		BE65DAD12428EC7500317FC1 /* MovieTableViewCellTests.swift in Sources */ = {isa = PBXBuildFile; fileRef = BE65DAD02428EC7500317FC1 /* MovieTableViewCellTests.swift */; };
		BE6833D92425D9DE00516608 /* MovieDetailsService.swift in Sources */ = {isa = PBXBuildFile; fileRef = BE6833D82425D9DE00516608 /* MovieDetailsService.swift */; };
		BE6833DC24261C4D00516608 /* Constants.swift in Sources */ = {isa = PBXBuildFile; fileRef = BE6833DB24261C4D00516608 /* Constants.swift */; };
		BE6833DE2426307C00516608 /* JSONParser.swift in Sources */ = {isa = PBXBuildFile; fileRef = BE6833DD2426307C00516608 /* JSONParser.swift */; };
		BE9148C924273A0F00522BE2 /* DetailViewController.swift in Sources */ = {isa = PBXBuildFile; fileRef = BE9148C824273A0F00522BE2 /* DetailViewController.swift */; };
		BE9148CB24278F6300522BE2 /* MovieDetails.swift in Sources */ = {isa = PBXBuildFile; fileRef = BE9148CA24278F6300522BE2 /* MovieDetails.swift */; };
		BECEF5DE2424C46C00E9E833 /* AppDelegate.swift in Sources */ = {isa = PBXBuildFile; fileRef = BECEF5DD2424C46C00E9E833 /* AppDelegate.swift */; };
		BECEF5E02424C46C00E9E833 /* SceneDelegate.swift in Sources */ = {isa = PBXBuildFile; fileRef = BECEF5DF2424C46C00E9E833 /* SceneDelegate.swift */; };
		BECEF5E52424C46C00E9E833 /* Main.storyboard in Resources */ = {isa = PBXBuildFile; fileRef = BECEF5E32424C46C00E9E833 /* Main.storyboard */; };
		BECEF5E72424C47000E9E833 /* Assets.xcassets in Resources */ = {isa = PBXBuildFile; fileRef = BECEF5E62424C47000E9E833 /* Assets.xcassets */; };
		BECEF5EA2424C47000E9E833 /* LaunchScreen.storyboard in Resources */ = {isa = PBXBuildFile; fileRef = BECEF5E82424C47000E9E833 /* LaunchScreen.storyboard */; };
		BECEF5F52424C47000E9E833 /* OMDb_SampleTests.swift in Sources */ = {isa = PBXBuildFile; fileRef = BECEF5F42424C47000E9E833 /* OMDb_SampleTests.swift */; };
		BECEF6002424C47100E9E833 /* OMDb_SampleUITests.swift in Sources */ = {isa = PBXBuildFile; fileRef = BECEF5FF2424C47100E9E833 /* OMDb_SampleUITests.swift */; };
		BED152B12427A20F005533E9 /* HomeViewControllerTests.swift in Sources */ = {isa = PBXBuildFile; fileRef = BED152B02427A20F005533E9 /* HomeViewControllerTests.swift */; };
		BED152B32427A46E005533E9 /* ImageDownloadManager.swift in Sources */ = {isa = PBXBuildFile; fileRef = BED152B22427A46E005533E9 /* ImageDownloadManager.swift */; };
/* End PBXBuildFile section */

/* Begin PBXContainerItemProxy section */
		BECEF5F12424C47000E9E833 /* PBXContainerItemProxy */ = {
			isa = PBXContainerItemProxy;
			containerPortal = BECEF5D22424C46C00E9E833 /* Project object */;
			proxyType = 1;
			remoteGlobalIDString = BECEF5D92424C46C00E9E833;
			remoteInfo = OMDb_Sample;
		};
		BECEF5FC2424C47100E9E833 /* PBXContainerItemProxy */ = {
			isa = PBXContainerItemProxy;
			containerPortal = BECEF5D22424C46C00E9E833 /* Project object */;
			proxyType = 1;
			remoteGlobalIDString = BECEF5D92424C46C00E9E833;
			remoteInfo = OMDb_Sample;
		};
/* End PBXContainerItemProxy section */

/* Begin PBXFileReference section */
		BE2C12F824252501006514D0 /* HomeViewController.swift */ = {isa = PBXFileReference; fileEncoding = 4; lastKnownFileType = sourcecode.swift; path = HomeViewController.swift; sourceTree = "<group>"; };
		BE2C12FA242525A9006514D0 /* SearchResponse.swift */ = {isa = PBXFileReference; fileEncoding = 4; lastKnownFileType = sourcecode.swift; path = SearchResponse.swift; sourceTree = "<group>"; };
		BE63E4A42424C91D000B3CF5 /* MovieTableViewCell.swift */ = {isa = PBXFileReference; lastKnownFileType = sourcecode.swift; path = MovieTableViewCell.swift; sourceTree = "<group>"; };
		BE63E4A52424C91D000B3CF5 /* MovieTableViewCell.xib */ = {isa = PBXFileReference; lastKnownFileType = file.xib; path = MovieTableViewCell.xib; sourceTree = "<group>"; };
		BE65DAC424287EBE00317FC1 /* DetailViewControllerTests.swift */ = {isa = PBXFileReference; lastKnownFileType = sourcecode.swift; path = DetailViewControllerTests.swift; sourceTree = "<group>"; };
		BE65DAC62428C5E400317FC1 /* MockURLProtocol.swift */ = {isa = PBXFileReference; lastKnownFileType = sourcecode.swift; path = MockURLProtocol.swift; sourceTree = "<group>"; };
		BE65DAC82428D93F00317FC1 /* searchresponse.json */ = {isa = PBXFileReference; fileEncoding = 4; lastKnownFileType = text.json; path = searchresponse.json; sourceTree = "<group>"; };
		BE65DACB2428DFE900317FC1 /* MovieServiceTests.swift */ = {isa = PBXFileReference; lastKnownFileType = sourcecode.swift; path = MovieServiceTests.swift; sourceTree = "<group>"; };
		BE65DACD2428E96100317FC1 /* searchdetails.json */ = {isa = PBXFileReference; fileEncoding = 4; lastKnownFileType = text.json; path = searchdetails.json; sourceTree = "<group>"; };
		BE65DAD02428EC7500317FC1 /* MovieTableViewCellTests.swift */ = {isa = PBXFileReference; lastKnownFileType = sourcecode.swift; path = MovieTableViewCellTests.swift; sourceTree = "<group>"; };
		BE6833D82425D9DE00516608 /* MovieDetailsService.swift */ = {isa = PBXFileReference; lastKnownFileType = sourcecode.swift; path = MovieDetailsService.swift; sourceTree = "<group>"; };
		BE6833DB24261C4D00516608 /* Constants.swift */ = {isa = PBXFileReference; lastKnownFileType = sourcecode.swift; path = Constants.swift; sourceTree = "<group>"; };
		BE6833DD2426307C00516608 /* JSONParser.swift */ = {isa = PBXFileReference; lastKnownFileType = sourcecode.swift; path = JSONParser.swift; sourceTree = "<group>"; };
		BE9148C824273A0F00522BE2 /* DetailViewController.swift */ = {isa = PBXFileReference; lastKnownFileType = sourcecode.swift; path = DetailViewController.swift; sourceTree = "<group>"; };
		BE9148CA24278F6300522BE2 /* MovieDetails.swift */ = {isa = PBXFileReference; lastKnownFileType = sourcecode.swift; path = MovieDetails.swift; sourceTree = "<group>"; };
		BECEF5DA2424C46C00E9E833 /* OMDb_Sample.app */ = {isa = PBXFileReference; explicitFileType = wrapper.application; includeInIndex = 0; path = OMDb_Sample.app; sourceTree = BUILT_PRODUCTS_DIR; };
		BECEF5DD2424C46C00E9E833 /* AppDelegate.swift */ = {isa = PBXFileReference; lastKnownFileType = sourcecode.swift; path = AppDelegate.swift; sourceTree = "<group>"; };
		BECEF5DF2424C46C00E9E833 /* SceneDelegate.swift */ = {isa = PBXFileReference; lastKnownFileType = sourcecode.swift; path = SceneDelegate.swift; sourceTree = "<group>"; };
		BECEF5E42424C46C00E9E833 /* Base */ = {isa = PBXFileReference; lastKnownFileType = file.storyboard; name = Base; path = Base.lproj/Main.storyboard; sourceTree = "<group>"; };
		BECEF5E62424C47000E9E833 /* Assets.xcassets */ = {isa = PBXFileReference; lastKnownFileType = folder.assetcatalog; path = Assets.xcassets; sourceTree = "<group>"; };
		BECEF5E92424C47000E9E833 /* Base */ = {isa = PBXFileReference; lastKnownFileType = file.storyboard; name = Base; path = Base.lproj/LaunchScreen.storyboard; sourceTree = "<group>"; };
		BECEF5EB2424C47000E9E833 /* Info.plist */ = {isa = PBXFileReference; lastKnownFileType = text.plist.xml; path = Info.plist; sourceTree = "<group>"; };
		BECEF5F02424C47000E9E833 /* OMDb_SampleTests.xctest */ = {isa = PBXFileReference; explicitFileType = wrapper.cfbundle; includeInIndex = 0; path = OMDb_SampleTests.xctest; sourceTree = BUILT_PRODUCTS_DIR; };
		BECEF5F42424C47000E9E833 /* OMDb_SampleTests.swift */ = {isa = PBXFileReference; lastKnownFileType = sourcecode.swift; path = OMDb_SampleTests.swift; sourceTree = "<group>"; };
		BECEF5F62424C47000E9E833 /* Info.plist */ = {isa = PBXFileReference; lastKnownFileType = text.plist.xml; path = Info.plist; sourceTree = "<group>"; };
		BECEF5FB2424C47100E9E833 /* OMDb_SampleUITests.xctest */ = {isa = PBXFileReference; explicitFileType = wrapper.cfbundle; includeInIndex = 0; path = OMDb_SampleUITests.xctest; sourceTree = BUILT_PRODUCTS_DIR; };
		BECEF5FF2424C47100E9E833 /* OMDb_SampleUITests.swift */ = {isa = PBXFileReference; lastKnownFileType = sourcecode.swift; path = OMDb_SampleUITests.swift; sourceTree = "<group>"; };
		BECEF6012424C47100E9E833 /* Info.plist */ = {isa = PBXFileReference; lastKnownFileType = text.plist.xml; path = Info.plist; sourceTree = "<group>"; };
		BED152B02427A20F005533E9 /* HomeViewControllerTests.swift */ = {isa = PBXFileReference; lastKnownFileType = sourcecode.swift; path = HomeViewControllerTests.swift; sourceTree = "<group>"; };
		BED152B22427A46E005533E9 /* ImageDownloadManager.swift */ = {isa = PBXFileReference; fileEncoding = 4; lastKnownFileType = sourcecode.swift; path = ImageDownloadManager.swift; sourceTree = "<group>"; };
/* End PBXFileReference section */

/* Begin PBXFrameworksBuildPhase section */
		BECEF5D72424C46C00E9E833 /* Frameworks */ = {
			isa = PBXFrameworksBuildPhase;
			buildActionMask = 2147483647;
			files = (
			);
			runOnlyForDeploymentPostprocessing = 0;
		};
		BECEF5ED2424C47000E9E833 /* Frameworks */ = {
			isa = PBXFrameworksBuildPhase;
			buildActionMask = 2147483647;
			files = (
			);
			runOnlyForDeploymentPostprocessing = 0;
		};
		BECEF5F82424C47100E9E833 /* Frameworks */ = {
			isa = PBXFrameworksBuildPhase;
			buildActionMask = 2147483647;
			files = (
			);
			runOnlyForDeploymentPostprocessing = 0;
		};
/* End PBXFrameworksBuildPhase section */

/* Begin PBXGroup section */
		BE6833D72425D99300516608 /* Networking */ = {
			isa = PBXGroup;
			children = (
				BED152B22427A46E005533E9 /* ImageDownloadManager.swift */,
				BE6833D82425D9DE00516608 /* MovieDetailsService.swift */,
				BE6833DD2426307C00516608 /* JSONParser.swift */,
				BE65DAC62428C5E400317FC1 /* MockURLProtocol.swift */,
			);
			path = Networking;
			sourceTree = "<group>";
		};
		BE6833DA24261C2F00516608 /* Utils */ = {
			isa = PBXGroup;
			children = (
				BE6833DB24261C4D00516608 /* Constants.swift */,
			);
			path = Utils;
			sourceTree = "<group>";
		};
		BECEF5D12424C46C00E9E833 = {
			isa = PBXGroup;
			children = (
				BECEF5DC2424C46C00E9E833 /* OMDb_Sample */,
				BECEF5F32424C47000E9E833 /* OMDb_SampleTests */,
				BECEF5FE2424C47100E9E833 /* OMDb_SampleUITests */,
				BECEF5DB2424C46C00E9E833 /* Products */,
			);
			sourceTree = "<group>";
		};
		BECEF5DB2424C46C00E9E833 /* Products */ = {
			isa = PBXGroup;
			children = (
				BECEF5DA2424C46C00E9E833 /* OMDb_Sample.app */,
				BECEF5F02424C47000E9E833 /* OMDb_SampleTests.xctest */,
				BECEF5FB2424C47100E9E833 /* OMDb_SampleUITests.xctest */,
			);
			name = Products;
			sourceTree = "<group>";
		};
		BECEF5DC2424C46C00E9E833 /* OMDb_Sample */ = {
			isa = PBXGroup;
			children = (
				BE6833DA24261C2F00516608 /* Utils */,
				BE6833D72425D99300516608 /* Networking */,
				BECEF60F2424C74D00E9E833 /* View */,
				BECEF60E2424C73D00E9E833 /* ViewController */,
				BECEF60D2424C72B00E9E833 /* Model */,
				BECEF5DD2424C46C00E9E833 /* AppDelegate.swift */,
				BECEF5DF2424C46C00E9E833 /* SceneDelegate.swift */,
				BECEF5E32424C46C00E9E833 /* Main.storyboard */,
				BECEF5E62424C47000E9E833 /* Assets.xcassets */,
				BECEF5E82424C47000E9E833 /* LaunchScreen.storyboard */,
				BECEF5EB2424C47000E9E833 /* Info.plist */,
			);
			path = OMDb_Sample;
			sourceTree = "<group>";
		};
		BECEF5F32424C47000E9E833 /* OMDb_SampleTests */ = {
			isa = PBXGroup;
			children = (
				BE65DACD2428E96100317FC1 /* searchdetails.json */,
				BE65DAC82428D93F00317FC1 /* searchresponse.json */,
				BECEF5F42424C47000E9E833 /* OMDb_SampleTests.swift */,
				BECEF5F62424C47000E9E833 /* Info.plist */,
				BED152B02427A20F005533E9 /* HomeViewControllerTests.swift */,
				BE65DAC424287EBE00317FC1 /* DetailViewControllerTests.swift */,
				BE65DACB2428DFE900317FC1 /* MovieServiceTests.swift */,
				BE65DAD02428EC7500317FC1 /* MovieTableViewCellTests.swift */,
			);
			path = OMDb_SampleTests;
			sourceTree = "<group>";
		};
		BECEF5FE2424C47100E9E833 /* OMDb_SampleUITests */ = {
			isa = PBXGroup;
			children = (
				BECEF5FF2424C47100E9E833 /* OMDb_SampleUITests.swift */,
				BECEF6012424C47100E9E833 /* Info.plist */,
			);
			path = OMDb_SampleUITests;
			sourceTree = "<group>";
		};
		BECEF60D2424C72B00E9E833 /* Model */ = {
			isa = PBXGroup;
			children = (
				BE2C12FA242525A9006514D0 /* SearchResponse.swift */,
				BE9148CA24278F6300522BE2 /* MovieDetails.swift */,
			);
			path = Model;
			sourceTree = "<group>";
		};
		BECEF60E2424C73D00E9E833 /* ViewController */ = {
			isa = PBXGroup;
			children = (
				BE2C12F824252501006514D0 /* HomeViewController.swift */,
				BE9148C824273A0F00522BE2 /* DetailViewController.swift */,
			);
			path = ViewController;
			sourceTree = "<group>";
		};
		BECEF60F2424C74D00E9E833 /* View */ = {
			isa = PBXGroup;
			children = (
				BE63E4A42424C91D000B3CF5 /* MovieTableViewCell.swift */,
				BE63E4A52424C91D000B3CF5 /* MovieTableViewCell.xib */,
			);
			path = View;
			sourceTree = "<group>";
		};
/* End PBXGroup section */

/* Begin PBXNativeTarget section */
		BECEF5D92424C46C00E9E833 /* OMDb_Sample */ = {
			isa = PBXNativeTarget;
			buildConfigurationList = BECEF6042424C47100E9E833 /* Build configuration list for PBXNativeTarget "OMDb_Sample" */;
			buildPhases = (
				BECEF5D62424C46C00E9E833 /* Sources */,
				BECEF5D72424C46C00E9E833 /* Frameworks */,
				BECEF5D82424C46C00E9E833 /* Resources */,
			);
			buildRules = (
			);
			dependencies = (
			);
			name = OMDb_Sample;
			productName = OMDb_Sample;
			productReference = BECEF5DA2424C46C00E9E833 /* OMDb_Sample.app */;
			productType = "com.apple.product-type.application";
		};
		BECEF5EF2424C47000E9E833 /* OMDb_SampleTests */ = {
			isa = PBXNativeTarget;
			buildConfigurationList = BECEF6072424C47100E9E833 /* Build configuration list for PBXNativeTarget "OMDb_SampleTests" */;
			buildPhases = (
				BECEF5EC2424C47000E9E833 /* Sources */,
				BECEF5ED2424C47000E9E833 /* Frameworks */,
				BECEF5EE2424C47000E9E833 /* Resources */,
			);
			buildRules = (
			);
			dependencies = (
				BECEF5F22424C47000E9E833 /* PBXTargetDependency */,
			);
			name = OMDb_SampleTests;
			productName = OMDb_SampleTests;
			productReference = BECEF5F02424C47000E9E833 /* OMDb_SampleTests.xctest */;
			productType = "com.apple.product-type.bundle.unit-test";
		};
		BECEF5FA2424C47100E9E833 /* OMDb_SampleUITests */ = {
			isa = PBXNativeTarget;
			buildConfigurationList = BECEF60A2424C47100E9E833 /* Build configuration list for PBXNativeTarget "OMDb_SampleUITests" */;
			buildPhases = (
				BECEF5F72424C47100E9E833 /* Sources */,
				BECEF5F82424C47100E9E833 /* Frameworks */,
				BECEF5F92424C47100E9E833 /* Resources */,
			);
			buildRules = (
			);
			dependencies = (
				BECEF5FD2424C47100E9E833 /* PBXTargetDependency */,
			);
			name = OMDb_SampleUITests;
			productName = OMDb_SampleUITests;
			productReference = BECEF5FB2424C47100E9E833 /* OMDb_SampleUITests.xctest */;
			productType = "com.apple.product-type.bundle.ui-testing";
		};
/* End PBXNativeTarget section */

/* Begin PBXProject section */
		BECEF5D22424C46C00E9E833 /* Project object */ = {
			isa = PBXProject;
			attributes = {
				LastSwiftUpdateCheck = 1130;
				LastUpgradeCheck = 1130;
				ORGANIZATIONNAME = "Pavitra Hegde";
				TargetAttributes = {
					BECEF5D92424C46C00E9E833 = {
						CreatedOnToolsVersion = 11.3.1;
					};
					BECEF5EF2424C47000E9E833 = {
						CreatedOnToolsVersion = 11.3.1;
						TestTargetID = BECEF5D92424C46C00E9E833;
					};
					BECEF5FA2424C47100E9E833 = {
						CreatedOnToolsVersion = 11.3.1;
						TestTargetID = BECEF5D92424C46C00E9E833;
					};
				};
			};
			buildConfigurationList = BECEF5D52424C46C00E9E833 /* Build configuration list for PBXProject "OMDb_Sample" */;
			compatibilityVersion = "Xcode 9.3";
			developmentRegion = en;
			hasScannedForEncodings = 0;
			knownRegions = (
				en,
				Base,
			);
			mainGroup = BECEF5D12424C46C00E9E833;
			productRefGroup = BECEF5DB2424C46C00E9E833 /* Products */;
			projectDirPath = "";
			projectRoot = "";
			targets = (
				BECEF5D92424C46C00E9E833 /* OMDb_Sample */,
				BECEF5EF2424C47000E9E833 /* OMDb_SampleTests */,
				BECEF5FA2424C47100E9E833 /* OMDb_SampleUITests */,
			);
		};
/* End PBXProject section */

/* Begin PBXResourcesBuildPhase section */
		BECEF5D82424C46C00E9E833 /* Resources */ = {
			isa = PBXResourcesBuildPhase;
			buildActionMask = 2147483647;
			files = (
				BE65DACE2428E96100317FC1 /* searchdetails.json in Resources */,
				BECEF5EA2424C47000E9E833 /* LaunchScreen.storyboard in Resources */,
				BECEF5E72424C47000E9E833 /* Assets.xcassets in Resources */,
				BECEF5E52424C46C00E9E833 /* Main.storyboard in Resources */,
				BE63E4A72424C91D000B3CF5 /* MovieTableViewCell.xib in Resources */,
				BE65DAC92428D93F00317FC1 /* searchresponse.json in Resources */,
			);
			runOnlyForDeploymentPostprocessing = 0;
		};
		BECEF5EE2424C47000E9E833 /* Resources */ = {
			isa = PBXResourcesBuildPhase;
			buildActionMask = 2147483647;
			files = (
				BE65DACF2428E96100317FC1 /* searchdetails.json in Resources */,
				BE65DACA2428D93F00317FC1 /* searchresponse.json in Resources */,
			);
			runOnlyForDeploymentPostprocessing = 0;
		};
		BECEF5F92424C47100E9E833 /* Resources */ = {
			isa = PBXResourcesBuildPhase;
			buildActionMask = 2147483647;
			files = (
			);
			runOnlyForDeploymentPostprocessing = 0;
		};
/* End PBXResourcesBuildPhase section */

/* Begin PBXSourcesBuildPhase section */
		BECEF5D62424C46C00E9E833 /* Sources */ = {
			isa = PBXSourcesBuildPhase;
			buildActionMask = 2147483647;
			files = (
				BE9148C924273A0F00522BE2 /* DetailViewController.swift in Sources */,
				BECEF5DE2424C46C00E9E833 /* AppDelegate.swift in Sources */,
				BED152B32427A46E005533E9 /* ImageDownloadManager.swift in Sources */,
				BE65DAC72428C5E400317FC1 /* MockURLProtocol.swift in Sources */,
				BECEF5E02424C46C00E9E833 /* SceneDelegate.swift in Sources */,
				BE9148CB24278F6300522BE2 /* MovieDetails.swift in Sources */,
				BE6833DE2426307C00516608 /* JSONParser.swift in Sources */,
				BE63E4A62424C91D000B3CF5 /* MovieTableViewCell.swift in Sources */,
				BE6833D92425D9DE00516608 /* MovieDetailsService.swift in Sources */,
				BE6833DC24261C4D00516608 /* Constants.swift in Sources */,
				BE2C12FB242525A9006514D0 /* SearchResponse.swift in Sources */,
				BE2C12F924252501006514D0 /* HomeViewController.swift in Sources */,
			);
			runOnlyForDeploymentPostprocessing = 0;
		};
		BECEF5EC2424C47000E9E833 /* Sources */ = {
			isa = PBXSourcesBuildPhase;
			buildActionMask = 2147483647;
			files = (
				BECEF5F52424C47000E9E833 /* OMDb_SampleTests.swift in Sources */,
				BED152B12427A20F005533E9 /* HomeViewControllerTests.swift in Sources */,
				BE65DAD12428EC7500317FC1 /* MovieTableViewCellTests.swift in Sources */,
				BE65DACC2428DFE900317FC1 /* MovieServiceTests.swift in Sources */,
				BE65DAC524287EBE00317FC1 /* DetailViewControllerTests.swift in Sources */,
			);
			runOnlyForDeploymentPostprocessing = 0;
		};
		BECEF5F72424C47100E9E833 /* Sources */ = {
			isa = PBXSourcesBuildPhase;
			buildActionMask = 2147483647;
			files = (
				BECEF6002424C47100E9E833 /* OMDb_SampleUITests.swift in Sources */,
			);
			runOnlyForDeploymentPostprocessing = 0;
		};
/* End PBXSourcesBuildPhase section */

/* Begin PBXTargetDependency section */
		BECEF5F22424C47000E9E833 /* PBXTargetDependency */ = {
			isa = PBXTargetDependency;
			target = BECEF5D92424C46C00E9E833 /* OMDb_Sample */;
			targetProxy = BECEF5F12424C47000E9E833 /* PBXContainerItemProxy */;
		};
		BECEF5FD2424C47100E9E833 /* PBXTargetDependency */ = {
			isa = PBXTargetDependency;
			target = BECEF5D92424C46C00E9E833 /* OMDb_Sample */;
			targetProxy = BECEF5FC2424C47100E9E833 /* PBXContainerItemProxy */;
		};
/* End PBXTargetDependency section */

/* Begin PBXVariantGroup section */
		BECEF5E32424C46C00E9E833 /* Main.storyboard */ = {
			isa = PBXVariantGroup;
			children = (
				BECEF5E42424C46C00E9E833 /* Base */,
			);
			name = Main.storyboard;
			sourceTree = "<group>";
		};
		BECEF5E82424C47000E9E833 /* LaunchScreen.storyboard */ = {
			isa = PBXVariantGroup;
			children = (
				BECEF5E92424C47000E9E833 /* Base */,
			);
			name = LaunchScreen.storyboard;
			sourceTree = "<group>";
		};
/* End PBXVariantGroup section */

/* Begin XCBuildConfiguration section */
		BECEF6022424C47100E9E833 /* Debug */ = {
			isa = XCBuildConfiguration;
			buildSettings = {
				ALWAYS_SEARCH_USER_PATHS = NO;
				CLANG_ANALYZER_NONNULL = YES;
				CLANG_ANALYZER_NUMBER_OBJECT_CONVERSION = YES_AGGRESSIVE;
				CLANG_CXX_LANGUAGE_STANDARD = "gnu++14";
				CLANG_CXX_LIBRARY = "libc++";
				CLANG_ENABLE_MODULES = YES;
				CLANG_ENABLE_OBJC_ARC = YES;
				CLANG_ENABLE_OBJC_WEAK = YES;
				CLANG_WARN_BLOCK_CAPTURE_AUTORELEASING = YES;
				CLANG_WARN_BOOL_CONVERSION = YES;
				CLANG_WARN_COMMA = YES;
				CLANG_WARN_CONSTANT_CONVERSION = YES;
				CLANG_WARN_DEPRECATED_OBJC_IMPLEMENTATIONS = YES;
				CLANG_WARN_DIRECT_OBJC_ISA_USAGE = YES_ERROR;
				CLANG_WARN_DOCUMENTATION_COMMENTS = YES;
				CLANG_WARN_EMPTY_BODY = YES;
				CLANG_WARN_ENUM_CONVERSION = YES;
				CLANG_WARN_INFINITE_RECURSION = YES;
				CLANG_WARN_INT_CONVERSION = YES;
				CLANG_WARN_NON_LITERAL_NULL_CONVERSION = YES;
				CLANG_WARN_OBJC_IMPLICIT_RETAIN_SELF = YES;
				CLANG_WARN_OBJC_LITERAL_CONVERSION = YES;
				CLANG_WARN_OBJC_ROOT_CLASS = YES_ERROR;
				CLANG_WARN_RANGE_LOOP_ANALYSIS = YES;
				CLANG_WARN_STRICT_PROTOTYPES = YES;
				CLANG_WARN_SUSPICIOUS_MOVE = YES;
				CLANG_WARN_UNGUARDED_AVAILABILITY = YES_AGGRESSIVE;
				CLANG_WARN_UNREACHABLE_CODE = YES;
				CLANG_WARN__DUPLICATE_METHOD_MATCH = YES;
				COPY_PHASE_STRIP = NO;
				DEBUG_INFORMATION_FORMAT = dwarf;
				ENABLE_STRICT_OBJC_MSGSEND = YES;
				ENABLE_TESTABILITY = YES;
				GCC_C_LANGUAGE_STANDARD = gnu11;
				GCC_DYNAMIC_NO_PIC = NO;
				GCC_NO_COMMON_BLOCKS = YES;
				GCC_OPTIMIZATION_LEVEL = 0;
				GCC_PREPROCESSOR_DEFINITIONS = (
					"DEBUG=1",
					"$(inherited)",
				);
				GCC_WARN_64_TO_32_BIT_CONVERSION = YES;
				GCC_WARN_ABOUT_RETURN_TYPE = YES_ERROR;
				GCC_WARN_UNDECLARED_SELECTOR = YES;
				GCC_WARN_UNINITIALIZED_AUTOS = YES_AGGRESSIVE;
				GCC_WARN_UNUSED_FUNCTION = YES;
				GCC_WARN_UNUSED_VARIABLE = YES;
				IPHONEOS_DEPLOYMENT_TARGET = 13.2;
				MTL_ENABLE_DEBUG_INFO = INCLUDE_SOURCE;
				MTL_FAST_MATH = YES;
				ONLY_ACTIVE_ARCH = YES;
				SDKROOT = iphoneos;
				SWIFT_ACTIVE_COMPILATION_CONDITIONS = DEBUG;
				SWIFT_OPTIMIZATION_LEVEL = "-Onone";
			};
			name = Debug;
		};
		BECEF6032424C47100E9E833 /* Release */ = {
			isa = XCBuildConfiguration;
			buildSettings = {
				ALWAYS_SEARCH_USER_PATHS = NO;
				CLANG_ANALYZER_NONNULL = YES;
				CLANG_ANALYZER_NUMBER_OBJECT_CONVERSION = YES_AGGRESSIVE;
				CLANG_CXX_LANGUAGE_STANDARD = "gnu++14";
				CLANG_CXX_LIBRARY = "libc++";
				CLANG_ENABLE_MODULES = YES;
				CLANG_ENABLE_OBJC_ARC = YES;
				CLANG_ENABLE_OBJC_WEAK = YES;
				CLANG_WARN_BLOCK_CAPTURE_AUTORELEASING = YES;
				CLANG_WARN_BOOL_CONVERSION = YES;
				CLANG_WARN_COMMA = YES;
				CLANG_WARN_CONSTANT_CONVERSION = YES;
				CLANG_WARN_DEPRECATED_OBJC_IMPLEMENTATIONS = YES;
				CLANG_WARN_DIRECT_OBJC_ISA_USAGE = YES_ERROR;
				CLANG_WARN_DOCUMENTATION_COMMENTS = YES;
				CLANG_WARN_EMPTY_BODY = YES;
				CLANG_WARN_ENUM_CONVERSION = YES;
				CLANG_WARN_INFINITE_RECURSION = YES;
				CLANG_WARN_INT_CONVERSION = YES;
				CLANG_WARN_NON_LITERAL_NULL_CONVERSION = YES;
				CLANG_WARN_OBJC_IMPLICIT_RETAIN_SELF = YES;
				CLANG_WARN_OBJC_LITERAL_CONVERSION = YES;
				CLANG_WARN_OBJC_ROOT_CLASS = YES_ERROR;
				CLANG_WARN_RANGE_LOOP_ANALYSIS = YES;
				CLANG_WARN_STRICT_PROTOTYPES = YES;
				CLANG_WARN_SUSPICIOUS_MOVE = YES;
				CLANG_WARN_UNGUARDED_AVAILABILITY = YES_AGGRESSIVE;
				CLANG_WARN_UNREACHABLE_CODE = YES;
				CLANG_WARN__DUPLICATE_METHOD_MATCH = YES;
				COPY_PHASE_STRIP = NO;
				DEBUG_INFORMATION_FORMAT = "dwarf-with-dsym";
				ENABLE_NS_ASSERTIONS = NO;
				ENABLE_STRICT_OBJC_MSGSEND = YES;
				GCC_C_LANGUAGE_STANDARD = gnu11;
				GCC_NO_COMMON_BLOCKS = YES;
				GCC_WARN_64_TO_32_BIT_CONVERSION = YES;
				GCC_WARN_ABOUT_RETURN_TYPE = YES_ERROR;
				GCC_WARN_UNDECLARED_SELECTOR = YES;
				GCC_WARN_UNINITIALIZED_AUTOS = YES_AGGRESSIVE;
				GCC_WARN_UNUSED_FUNCTION = YES;
				GCC_WARN_UNUSED_VARIABLE = YES;
				IPHONEOS_DEPLOYMENT_TARGET = 13.2;
				MTL_ENABLE_DEBUG_INFO = NO;
				MTL_FAST_MATH = YES;
				SDKROOT = iphoneos;
				SWIFT_COMPILATION_MODE = wholemodule;
				SWIFT_OPTIMIZATION_LEVEL = "-O";
				VALIDATE_PRODUCT = YES;
			};
			name = Release;
		};
		BECEF6052424C47100E9E833 /* Debug */ = {
			isa = XCBuildConfiguration;
			buildSettings = {
				ASSETCATALOG_COMPILER_APPICON_NAME = AppIcon;
				CODE_SIGN_STYLE = Automatic;
				INFOPLIST_FILE = OMDb_Sample/Info.plist;
				LD_RUNPATH_SEARCH_PATHS = (
					"$(inherited)",
					"@executable_path/Frameworks",
				);
				PRODUCT_BUNDLE_IDENTIFIER = "com.mindtree.com.OMDb-Sample";
				PRODUCT_NAME = "$(TARGET_NAME)";
				SWIFT_VERSION = 5.0;
				TARGETED_DEVICE_FAMILY = "1,2";
			};
			name = Debug;
		};
		BECEF6062424C47100E9E833 /* Release */ = {
			isa = XCBuildConfiguration;
			buildSettings = {
				ASSETCATALOG_COMPILER_APPICON_NAME = AppIcon;
				CODE_SIGN_STYLE = Automatic;
				INFOPLIST_FILE = OMDb_Sample/Info.plist;
				LD_RUNPATH_SEARCH_PATHS = (
					"$(inherited)",
					"@executable_path/Frameworks",
				);
				PRODUCT_BUNDLE_IDENTIFIER = "com.mindtree.com.OMDb-Sample";
				PRODUCT_NAME = "$(TARGET_NAME)";
				SWIFT_VERSION = 5.0;
				TARGETED_DEVICE_FAMILY = "1,2";
			};
			name = Release;
		};
		BECEF6082424C47100E9E833 /* Debug */ = {
			isa = XCBuildConfiguration;
			buildSettings = {
				ALWAYS_EMBED_SWIFT_STANDARD_LIBRARIES = YES;
				BUNDLE_LOADER = "$(TEST_HOST)";
				CODE_SIGN_STYLE = Automatic;
				INFOPLIST_FILE = OMDb_SampleTests/Info.plist;
				IPHONEOS_DEPLOYMENT_TARGET = 13.2;
				LD_RUNPATH_SEARCH_PATHS = (
					"$(inherited)",
					"@executable_path/Frameworks",
					"@loader_path/Frameworks",
				);
				PRODUCT_BUNDLE_IDENTIFIER = "com.mindtree.com.OMDb-SampleTests";
				PRODUCT_NAME = "$(TARGET_NAME)";
				SWIFT_VERSION = 5.0;
				TARGETED_DEVICE_FAMILY = "1,2";
				TEST_HOST = "$(BUILT_PRODUCTS_DIR)/OMDb_Sample.app/OMDb_Sample";
			};
			name = Debug;
		};
		BECEF6092424C47100E9E833 /* Release */ = {
			isa = XCBuildConfiguration;
			buildSettings = {
				ALWAYS_EMBED_SWIFT_STANDARD_LIBRARIES = YES;
				BUNDLE_LOADER = "$(TEST_HOST)";
				CODE_SIGN_STYLE = Automatic;
				INFOPLIST_FILE = OMDb_SampleTests/Info.plist;
				IPHONEOS_DEPLOYMENT_TARGET = 13.2;
				LD_RUNPATH_SEARCH_PATHS = (
					"$(inherited)",
					"@executable_path/Frameworks",
					"@loader_path/Frameworks",
				);
				PRODUCT_BUNDLE_IDENTIFIER = "com.mindtree.com.OMDb-SampleTests";
				PRODUCT_NAME = "$(TARGET_NAME)";
				SWIFT_VERSION = 5.0;
				TARGETED_DEVICE_FAMILY = "1,2";
				TEST_HOST = "$(BUILT_PRODUCTS_DIR)/OMDb_Sample.app/OMDb_Sample";
			};
			name = Release;
		};
		BECEF60B2424C47100E9E833 /* Debug */ = {
			isa = XCBuildConfiguration;
			buildSettings = {
				ALWAYS_EMBED_SWIFT_STANDARD_LIBRARIES = YES;
				CODE_SIGN_STYLE = Automatic;
				INFOPLIST_FILE = OMDb_SampleUITests/Info.plist;
				LD_RUNPATH_SEARCH_PATHS = (
					"$(inherited)",
					"@executable_path/Frameworks",
					"@loader_path/Frameworks",
				);
				PRODUCT_BUNDLE_IDENTIFIER = "com.mindtree.com.OMDb-SampleUITests";
				PRODUCT_NAME = "$(TARGET_NAME)";
				SWIFT_VERSION = 5.0;
				TARGETED_DEVICE_FAMILY = "1,2";
				TEST_TARGET_NAME = OMDb_Sample;
			};
			name = Debug;
		};
		BECEF60C2424C47100E9E833 /* Release */ = {
			isa = XCBuildConfiguration;
			buildSettings = {
				ALWAYS_EMBED_SWIFT_STANDARD_LIBRARIES = YES;
				CODE_SIGN_STYLE = Automatic;
				INFOPLIST_FILE = OMDb_SampleUITests/Info.plist;
				LD_RUNPATH_SEARCH_PATHS = (
					"$(inherited)",
					"@executable_path/Frameworks",
					"@loader_path/Frameworks",
				);
				PRODUCT_BUNDLE_IDENTIFIER = "com.mindtree.com.OMDb-SampleUITests";
				PRODUCT_NAME = "$(TARGET_NAME)";
				SWIFT_VERSION = 5.0;
				TARGETED_DEVICE_FAMILY = "1,2";
				TEST_TARGET_NAME = OMDb_Sample;
			};
			name = Release;
		};
/* End XCBuildConfiguration section */

/* Begin XCConfigurationList section */
		BECEF5D52424C46C00E9E833 /* Build configuration list for PBXProject "OMDb_Sample" */ = {
			isa = XCConfigurationList;
			buildConfigurations = (
				BECEF6022424C47100E9E833 /* Debug */,
				BECEF6032424C47100E9E833 /* Release */,
			);
			defaultConfigurationIsVisible = 0;
			defaultConfigurationName = Release;
		};
		BECEF6042424C47100E9E833 /* Build configuration list for PBXNativeTarget "OMDb_Sample" */ = {
			isa = XCConfigurationList;
			buildConfigurations = (
				BECEF6052424C47100E9E833 /* Debug */,
				BECEF6062424C47100E9E833 /* Release */,
			);
			defaultConfigurationIsVisible = 0;
			defaultConfigurationName = Release;
		};
		BECEF6072424C47100E9E833 /* Build configuration list for PBXNativeTarget "OMDb_SampleTests" */ = {
			isa = XCConfigurationList;
			buildConfigurations = (
				BECEF6082424C47100E9E833 /* Debug */,
				BECEF6092424C47100E9E833 /* Release */,
			);
			defaultConfigurationIsVisible = 0;
			defaultConfigurationName = Release;
		};
		BECEF60A2424C47100E9E833 /* Build configuration list for PBXNativeTarget "OMDb_SampleUITests" */ = {
			isa = XCConfigurationList;
			buildConfigurations = (
				BECEF60B2424C47100E9E833 /* Debug */,
				BECEF60C2424C47100E9E833 /* Release */,
			);
			defaultConfigurationIsVisible = 0;
			defaultConfigurationName = Release;
		};
/* End XCConfigurationList section */
	};
	rootObject = BECEF5D22424C46C00E9E833 /* Project object */;
}
